
Microsoft Visual Studio Solution File, Format Version 12.00
# Visual Studio Version 17
VisualStudioVersion = 17.0.32112.339
MinimumVisualStudioVersion = 10.0.40219.1
Project("{FAE04EC0-301F-11D3-BF4B-00C04F79EFBC}") = "Orchard file splitter", "Orchard file splitter.csproj", "{20ED6560-0DA9-43FD-9F55-F4D76C2CC91A}"
EndProject
Global
	GlobalSection(SolutionConfigurationPlatforms) = preSolution
		Debug|Any CPU = Debug|Any CPU
		Release|Any CPU = Release|Any CPU
	EndGlobalSection
	GlobalSection(ProjectConfigurationPlatforms) = postSolution
		{20ED6560-0DA9-43FD-9F55-F4D76C2CC91A}.Debug|Any CPU.ActiveCfg = Debug|Any CPU
		{20ED6560-0DA9-43FD-9F55-F4D76C2CC91A}.Debug|Any CPU.Build.0 = Debug|Any CPU
		{20ED6560-0DA9-43FD-9F55-F4D76C2CC91A}.Release|Any CPU.ActiveCfg = Release|Any CPU
		{20ED6560-0DA9-43FD-9F55-F4D76C2CC91A}.Release|Any CPU.Build.0 = Release|Any CPU
	EndGlobalSection
	GlobalSection(SolutionProperties) = preSolution
		HideSolutionNode = FALSE
	EndGlobalSection
	GlobalSection(ExtensibilityGlobals) = postSolution
		SolutionGuid = {5D93DCF3-CE46-4F35-8207-2E8A2799E8EB}
	EndGlobalSection
EndGlobal
